{
  "object": {
    "pins": [
      {
        "package": "Cartography",
        "repositoryURL": "https://github.com/Patrik-svobodik/Cartography",
        "state": {
          "branch": "tvOS-fix",
          "revision": "b58e04fde9a8df22d13cbbd3f122df735bd5898e",
          "version": null
        }
      },
      {
        "package": "PTDList",
        "repositoryURL": "https://github.com/Patrik-svobodik/PTDList",
        "state": {
          "branch": "main",
          "revision": "41a87bb2852813dc739d588c3a8df67829c1d3f2",
          "version": null
        }
      }
    ]
  },
  "version": 1
}
